
Microsoft Visual Studio Solution File, Format Version 12.00
# Visual Studio 2012
Project("{FAE04EC0-301F-11D3-BF4B-00C04F79EFBC}") = "FunTools", "FunTools\FunTools.csproj", "{35675DB6-C96F-4870-BCC8-600DE69C6F68}"
EndProject
Project("{FAE04EC0-301F-11D3-BF4B-00C04F79EFBC}") = "FunTools.UnitTests", "FunTools.UnitTests\FunTools.UnitTests.csproj", "{D04607CB-5F87-4228-B824-B704CC505AB0}"
EndProject
Project("{F2A71F9B-5D33-465A-A702-920D77279786}") = "FunTools.UnitTests.FS", "FunTools.UnitTests.FS\FunTools.UnitTests.FS.fsproj", "{C54584FE-FED4-4DB1-826A-DB3935752C84}"
EndProject
Global
	GlobalSection(SolutionConfigurationPlatforms) = preSolution
		Debug|Any CPU = Debug|Any CPU
		Release|Any CPU = Release|Any CPU
	EndGlobalSection
	GlobalSection(ProjectConfigurationPlatforms) = postSolution
		{35675DB6-C96F-4870-BCC8-600DE69C6F68}.Debug|Any CPU.ActiveCfg = Debug|Any CPU
		{35675DB6-C96F-4870-BCC8-600DE69C6F68}.Debug|Any CPU.Build.0 = Debug|Any CPU
		{35675DB6-C96F-4870-BCC8-600DE69C6F68}.Release|Any CPU.ActiveCfg = Release|Any CPU
		{35675DB6-C96F-4870-BCC8-600DE69C6F68}.Release|Any CPU.Build.0 = Release|Any CPU
		{D04607CB-5F87-4228-B824-B704CC505AB0}.Debug|Any CPU.ActiveCfg = Debug|Any CPU
		{D04607CB-5F87-4228-B824-B704CC505AB0}.Debug|Any CPU.Build.0 = Debug|Any CPU
		{D04607CB-5F87-4228-B824-B704CC505AB0}.Release|Any CPU.ActiveCfg = Release|Any CPU
		{D04607CB-5F87-4228-B824-B704CC505AB0}.Release|Any CPU.Build.0 = Release|Any CPU
		{C54584FE-FED4-4DB1-826A-DB3935752C84}.Debug|Any CPU.ActiveCfg = Debug|Any CPU
		{C54584FE-FED4-4DB1-826A-DB3935752C84}.Debug|Any CPU.Build.0 = Debug|Any CPU
		{C54584FE-FED4-4DB1-826A-DB3935752C84}.Release|Any CPU.ActiveCfg = Release|Any CPU
		{C54584FE-FED4-4DB1-826A-DB3935752C84}.Release|Any CPU.Build.0 = Release|Any CPU
	EndGlobalSection
	GlobalSection(SolutionProperties) = preSolution
		HideSolutionNode = FALSE
	EndGlobalSection
EndGlobal
